
Microsoft Visual Studio Solution File, Format Version 12.00
# Visual Studio Version 17
VisualStudioVersion = 17.8.34330.188
MinimumVisualStudioVersion = 10.0.40219.1
Project("{FAE04EC0-301F-11D3-BF4B-00C04F79EFBC}") = "InventoryManagement", "InventoryManagement.csproj", "{8BD64603-91B0-47DA-9F73-F56841903592}"
EndProject
Global
	GlobalSection(SolutionConfigurationPlatforms) = preSolution
		Debug|Any CPU = Debug|Any CPU
		Release|Any CPU = Release|Any CPU
	EndGlobalSection
	GlobalSection(ProjectConfigurationPlatforms) = postSolution
		{8BD64603-91B0-47DA-9F73-F56841903592}.Debug|Any CPU.ActiveCfg = Debug|Any CPU
		{8BD64603-91B0-47DA-9F73-F56841903592}.Debug|Any CPU.Build.0 = Debug|Any CPU
		{8BD64603-91B0-47DA-9F73-F56841903592}.Release|Any CPU.ActiveCfg = Release|Any CPU
		{8BD64603-91B0-47DA-9F73-F56841903592}.Release|Any CPU.Build.0 = Release|Any CPU
	EndGlobalSection
	GlobalSection(SolutionProperties) = preSolution
		HideSolutionNode = FALSE
	EndGlobalSection
	GlobalSection(ExtensibilityGlobals) = postSolution
		SolutionGuid = {B1069ACA-E7F5-4A05-9C4D-F5BA27EE1FAE}
	EndGlobalSection
EndGlobal
